
Microsoft Visual Studio Solution File, Format Version 12.00
# Visual Studio Version 17
VisualStudioVersion = 17.0.31903.59
MinimumVisualStudioVersion = 10.0.40219.1
Project("{2150E333-8FDC-42A3-9474-1A3956D46DE8}") = "src", "src", "{1F0AE1FB-443C-4D8B-861D-B35F642D0CC3}"
EndProject
Project("{FAE04EC0-301F-11D3-BF4B-00C04F79EFBC}") = "Exb.Core", "src\Exb.Core\Exb.Core.csproj", "{06836645-D8CE-4E44-AA7A-A7B787DE740E}"
EndProject
Project("{FAE04EC0-301F-11D3-BF4B-00C04F79EFBC}") = "Exb.Data", "src\Exb.Data\Exb.Data.csproj", "{4669D42F-DFBD-45F7-882C-FB849B601024}"
EndProject
Project("{FAE04EC0-301F-11D3-BF4B-00C04F79EFBC}") = "Exb.Web", "src\Exb.Web\Exb.Web.csproj", "{B844EDF7-EF38-413B-ACEC-85427D9BDE28}"
EndProject
Project("{2150E333-8FDC-42A3-9474-1A3956D46DE8}") = "tests", "tests", "{91B8FC9E-0C6F-4FE1-8A67-B779E2F21678}"
EndProject
Project("{FAE04EC0-301F-11D3-BF4B-00C04F79EFBC}") = "Exb.Tests", "tests\Exb.Tests\Exb.Tests.csproj", "{3CED4A2D-2242-483D-82BB-71185ABFC690}"
EndProject
Project("{FAE04EC0-301F-11D3-BF4B-00C04F79EFBC}") = "Exb.Mobile.Shared", "src\Exb.Mobile.Shared\Exb.Mobile.Shared.csproj", "{8A4C085D-132F-4F33-AD10-63877BC7A3E6}"
EndProject
Project("{FAE04EC0-301F-11D3-BF4B-00C04F79EFBC}") = "Exb.Mobile.Web.Client", "src\Exb.Mobile.Web.Client\Exb.Mobile.Web.Client.csproj", "{9688D596-CF67-41FA-BCBF-A8CE8D72490D}"
EndProject
Project("{FAE04EC0-301F-11D3-BF4B-00C04F79EFBC}") = "Exb.Mobile.Web", "src\Exb.Mobile.Web\Exb.Mobile.Web.csproj", "{6E68AAEA-BBC6-4180-8859-FB624D2B84E6}"
EndProject
Project("{FAE04EC0-301F-11D3-BF4B-00C04F79EFBC}") = "Exb.Mobile", "src\Exb.Mobile\Exb.Mobile.csproj", "{FEF0F3D5-3AA7-4FC8-9386-CBEDD8AA4C9A}"
EndProject
Global
	GlobalSection(SolutionConfigurationPlatforms) = preSolution
		Debug|Any CPU = Debug|Any CPU
		Debug|x64 = Debug|x64
		Debug|x86 = Debug|x86
		Release|Any CPU = Release|Any CPU
		Release|x64 = Release|x64
		Release|x86 = Release|x86
	EndGlobalSection
	GlobalSection(ProjectConfigurationPlatforms) = postSolution
		{06836645-D8CE-4E44-AA7A-A7B787DE740E}.Debug|Any CPU.ActiveCfg = Debug|Any CPU
		{06836645-D8CE-4E44-AA7A-A7B787DE740E}.Debug|Any CPU.Build.0 = Debug|Any CPU
		{06836645-D8CE-4E44-AA7A-A7B787DE740E}.Debug|x64.ActiveCfg = Debug|Any CPU
		{06836645-D8CE-4E44-AA7A-A7B787DE740E}.Debug|x64.Build.0 = Debug|Any CPU
		{06836645-D8CE-4E44-AA7A-A7B787DE740E}.Debug|x86.ActiveCfg = Debug|Any CPU
		{06836645-D8CE-4E44-AA7A-A7B787DE740E}.Debug|x86.Build.0 = Debug|Any CPU
		{06836645-D8CE-4E44-AA7A-A7B787DE740E}.Release|Any CPU.ActiveCfg = Release|Any CPU
		{06836645-D8CE-4E44-AA7A-A7B787DE740E}.Release|Any CPU.Build.0 = Release|Any CPU
		{06836645-D8CE-4E44-AA7A-A7B787DE740E}.Release|x64.ActiveCfg = Release|Any CPU
		{06836645-D8CE-4E44-AA7A-A7B787DE740E}.Release|x64.Build.0 = Release|Any CPU
		{06836645-D8CE-4E44-AA7A-A7B787DE740E}.Release|x86.ActiveCfg = Release|Any CPU
		{06836645-D8CE-4E44-AA7A-A7B787DE740E}.Release|x86.Build.0 = Release|Any CPU
		{4669D42F-DFBD-45F7-882C-FB849B601024}.Debug|Any CPU.ActiveCfg = Debug|Any CPU
		{4669D42F-DFBD-45F7-882C-FB849B601024}.Debug|Any CPU.Build.0 = Debug|Any CPU
		{4669D42F-DFBD-45F7-882C-FB849B601024}.Debug|x64.ActiveCfg = Debug|Any CPU
		{4669D42F-DFBD-45F7-882C-FB849B601024}.Debug|x64.Build.0 = Debug|Any CPU
		{4669D42F-DFBD-45F7-882C-FB849B601024}.Debug|x86.ActiveCfg = Debug|Any CPU
		{4669D42F-DFBD-45F7-882C-FB849B601024}.Debug|x86.Build.0 = Debug|Any CPU
		{4669D42F-DFBD-45F7-882C-FB849B601024}.Release|Any CPU.ActiveCfg = Release|Any CPU
		{4669D42F-DFBD-45F7-882C-FB849B601024}.Release|Any CPU.Build.0 = Release|Any CPU
		{4669D42F-DFBD-45F7-882C-FB849B601024}.Release|x64.ActiveCfg = Release|Any CPU
		{4669D42F-DFBD-45F7-882C-FB849B601024}.Release|x64.Build.0 = Release|Any CPU
		{4669D42F-DFBD-45F7-882C-FB849B601024}.Release|x86.ActiveCfg = Release|Any CPU
		{4669D42F-DFBD-45F7-882C-FB849B601024}.Release|x86.Build.0 = Release|Any CPU
		{B844EDF7-EF38-413B-ACEC-85427D9BDE28}.Debug|Any CPU.ActiveCfg = Debug|Any CPU
		{B844EDF7-EF38-413B-ACEC-85427D9BDE28}.Debug|Any CPU.Build.0 = Debug|Any CPU
		{B844EDF7-EF38-413B-ACEC-85427D9BDE28}.Debug|x64.ActiveCfg = Debug|Any CPU
		{B844EDF7-EF38-413B-ACEC-85427D9BDE28}.Debug|x64.Build.0 = Debug|Any CPU
		{B844EDF7-EF38-413B-ACEC-85427D9BDE28}.Debug|x86.ActiveCfg = Debug|Any CPU
		{B844EDF7-EF38-413B-ACEC-85427D9BDE28}.Debug|x86.Build.0 = Debug|Any CPU
		{B844EDF7-EF38-413B-ACEC-85427D9BDE28}.Release|Any CPU.ActiveCfg = Release|Any CPU
		{B844EDF7-EF38-413B-ACEC-85427D9BDE28}.Release|Any CPU.Build.0 = Release|Any CPU
		{B844EDF7-EF38-413B-ACEC-85427D9BDE28}.Release|x64.ActiveCfg = Release|Any CPU
		{B844EDF7-EF38-413B-ACEC-85427D9BDE28}.Release|x64.Build.0 = Release|Any CPU
		{B844EDF7-EF38-413B-ACEC-85427D9BDE28}.Release|x86.ActiveCfg = Release|Any CPU
		{B844EDF7-EF38-413B-ACEC-85427D9BDE28}.Release|x86.Build.0 = Release|Any CPU
		{3CED4A2D-2242-483D-82BB-71185ABFC690}.Debug|Any CPU.ActiveCfg = Debug|Any CPU
		{3CED4A2D-2242-483D-82BB-71185ABFC690}.Debug|Any CPU.Build.0 = Debug|Any CPU
		{3CED4A2D-2242-483D-82BB-71185ABFC690}.Debug|x64.ActiveCfg = Debug|Any CPU
		{3CED4A2D-2242-483D-82BB-71185ABFC690}.Debug|x64.Build.0 = Debug|Any CPU
		{3CED4A2D-2242-483D-82BB-71185ABFC690}.Debug|x86.ActiveCfg = Debug|Any CPU
		{3CED4A2D-2242-483D-82BB-71185ABFC690}.Debug|x86.Build.0 = Debug|Any CPU
		{3CED4A2D-2242-483D-82BB-71185ABFC690}.Release|Any CPU.ActiveCfg = Release|Any CPU
		{3CED4A2D-2242-483D-82BB-71185ABFC690}.Release|Any CPU.Build.0 = Release|Any CPU
		{3CED4A2D-2242-483D-82BB-71185ABFC690}.Release|x64.ActiveCfg = Release|Any CPU
		{3CED4A2D-2242-483D-82BB-71185ABFC690}.Release|x64.Build.0 = Release|Any CPU
		{3CED4A2D-2242-483D-82BB-71185ABFC690}.Release|x86.ActiveCfg = Release|Any CPU
		{3CED4A2D-2242-483D-82BB-71185ABFC690}.Release|x86.Build.0 = Release|Any CPU
		{8A4C085D-132F-4F33-AD10-63877BC7A3E6}.Debug|Any CPU.ActiveCfg = Debug|Any CPU
		{8A4C085D-132F-4F33-AD10-63877BC7A3E6}.Debug|Any CPU.Build.0 = Debug|Any CPU
		{8A4C085D-132F-4F33-AD10-63877BC7A3E6}.Debug|x64.ActiveCfg = Debug|Any CPU
		{8A4C085D-132F-4F33-AD10-63877BC7A3E6}.Debug|x64.Build.0 = Debug|Any CPU
		{8A4C085D-132F-4F33-AD10-63877BC7A3E6}.Debug|x86.ActiveCfg = Debug|Any CPU
		{8A4C085D-132F-4F33-AD10-63877BC7A3E6}.Debug|x86.Build.0 = Debug|Any CPU
		{8A4C085D-132F-4F33-AD10-63877BC7A3E6}.Release|Any CPU.ActiveCfg = Release|Any CPU
		{8A4C085D-132F-4F33-AD10-63877BC7A3E6}.Release|Any CPU.Build.0 = Release|Any CPU
		{8A4C085D-132F-4F33-AD10-63877BC7A3E6}.Release|x64.ActiveCfg = Release|Any CPU
		{8A4C085D-132F-4F33-AD10-63877BC7A3E6}.Release|x64.Build.0 = Release|Any CPU
		{8A4C085D-132F-4F33-AD10-63877BC7A3E6}.Release|x86.ActiveCfg = Release|Any CPU
		{8A4C085D-132F-4F33-AD10-63877BC7A3E6}.Release|x86.Build.0 = Release|Any CPU
		{9688D596-CF67-41FA-BCBF-A8CE8D72490D}.Debug|Any CPU.ActiveCfg = Debug|Any CPU
		{9688D596-CF67-41FA-BCBF-A8CE8D72490D}.Debug|Any CPU.Build.0 = Debug|Any CPU
		{9688D596-CF67-41FA-BCBF-A8CE8D72490D}.Debug|x64.ActiveCfg = Debug|Any CPU
		{9688D596-CF67-41FA-BCBF-A8CE8D72490D}.Debug|x64.Build.0 = Debug|Any CPU
		{9688D596-CF67-41FA-BCBF-A8CE8D72490D}.Debug|x86.ActiveCfg = Debug|Any CPU
		{9688D596-CF67-41FA-BCBF-A8CE8D72490D}.Debug|x86.Build.0 = Debug|Any CPU
		{9688D596-CF67-41FA-BCBF-A8CE8D72490D}.Release|Any CPU.ActiveCfg = Release|Any CPU
		{9688D596-CF67-41FA-BCBF-A8CE8D72490D}.Release|Any CPU.Build.0 = Release|Any CPU
		{9688D596-CF67-41FA-BCBF-A8CE8D72490D}.Release|x64.ActiveCfg = Release|Any CPU
		{9688D596-CF67-41FA-BCBF-A8CE8D72490D}.Release|x64.Build.0 = Release|Any CPU
		{9688D596-CF67-41FA-BCBF-A8CE8D72490D}.Release|x86.ActiveCfg = Release|Any CPU
		{9688D596-CF67-41FA-BCBF-A8CE8D72490D}.Release|x86.Build.0 = Release|Any CPU
		{6E68AAEA-BBC6-4180-8859-FB624D2B84E6}.Debug|Any CPU.ActiveCfg = Debug|Any CPU
		{6E68AAEA-BBC6-4180-8859-FB624D2B84E6}.Debug|Any CPU.Build.0 = Debug|Any CPU
		{6E68AAEA-BBC6-4180-8859-FB624D2B84E6}.Debug|x64.ActiveCfg = Debug|Any CPU
		{6E68AAEA-BBC6-4180-8859-FB624D2B84E6}.Debug|x64.Build.0 = Debug|Any CPU
		{6E68AAEA-BBC6-4180-8859-FB624D2B84E6}.Debug|x86.ActiveCfg = Debug|Any CPU
		{6E68AAEA-BBC6-4180-8859-FB624D2B84E6}.Debug|x86.Build.0 = Debug|Any CPU
		{6E68AAEA-BBC6-4180-8859-FB624D2B84E6}.Release|Any CPU.ActiveCfg = Release|Any CPU
		{6E68AAEA-BBC6-4180-8859-FB624D2B84E6}.Release|Any CPU.Build.0 = Release|Any CPU
		{6E68AAEA-BBC6-4180-8859-FB624D2B84E6}.Release|x64.ActiveCfg = Release|Any CPU
		{6E68AAEA-BBC6-4180-8859-FB624D2B84E6}.Release|x64.Build.0 = Release|Any CPU
		{6E68AAEA-BBC6-4180-8859-FB624D2B84E6}.Release|x86.ActiveCfg = Release|Any CPU
		{6E68AAEA-BBC6-4180-8859-FB624D2B84E6}.Release|x86.Build.0 = Release|Any CPU
		{FEF0F3D5-3AA7-4FC8-9386-CBEDD8AA4C9A}.Debug|Any CPU.ActiveCfg = Debug|Any CPU
		{FEF0F3D5-3AA7-4FC8-9386-CBEDD8AA4C9A}.Debug|Any CPU.Build.0 = Debug|Any CPU
		{FEF0F3D5-3AA7-4FC8-9386-CBEDD8AA4C9A}.Debug|x64.ActiveCfg = Debug|Any CPU
		{FEF0F3D5-3AA7-4FC8-9386-CBEDD8AA4C9A}.Debug|x64.Build.0 = Debug|Any CPU
		{FEF0F3D5-3AA7-4FC8-9386-CBEDD8AA4C9A}.Debug|x86.ActiveCfg = Debug|Any CPU
		{FEF0F3D5-3AA7-4FC8-9386-CBEDD8AA4C9A}.Debug|x86.Build.0 = Debug|Any CPU
		{FEF0F3D5-3AA7-4FC8-9386-CBEDD8AA4C9A}.Release|Any CPU.ActiveCfg = Release|Any CPU
		{FEF0F3D5-3AA7-4FC8-9386-CBEDD8AA4C9A}.Release|Any CPU.Build.0 = Release|Any CPU
		{FEF0F3D5-3AA7-4FC8-9386-CBEDD8AA4C9A}.Release|x64.ActiveCfg = Release|Any CPU
		{FEF0F3D5-3AA7-4FC8-9386-CBEDD8AA4C9A}.Release|x64.Build.0 = Release|Any CPU
		{FEF0F3D5-3AA7-4FC8-9386-CBEDD8AA4C9A}.Release|x86.ActiveCfg = Release|Any CPU
		{FEF0F3D5-3AA7-4FC8-9386-CBEDD8AA4C9A}.Release|x86.Build.0 = Release|Any CPU
	EndGlobalSection
	GlobalSection(SolutionProperties) = preSolution
		HideSolutionNode = FALSE
	EndGlobalSection
	GlobalSection(NestedProjects) = preSolution
		{06836645-D8CE-4E44-AA7A-A7B787DE740E} = {1F0AE1FB-443C-4D8B-861D-B35F642D0CC3}
		{4669D42F-DFBD-45F7-882C-FB849B601024} = {1F0AE1FB-443C-4D8B-861D-B35F642D0CC3}
		{B844EDF7-EF38-413B-ACEC-85427D9BDE28} = {1F0AE1FB-443C-4D8B-861D-B35F642D0CC3}
		{3CED4A2D-2242-483D-82BB-71185ABFC690} = {91B8FC9E-0C6F-4FE1-8A67-B779E2F21678}
		{8A4C085D-132F-4F33-AD10-63877BC7A3E6} = {1F0AE1FB-443C-4D8B-861D-B35F642D0CC3}
		{9688D596-CF67-41FA-BCBF-A8CE8D72490D} = {1F0AE1FB-443C-4D8B-861D-B35F642D0CC3}
		{6E68AAEA-BBC6-4180-8859-FB624D2B84E6} = {1F0AE1FB-443C-4D8B-861D-B35F642D0CC3}
		{FEF0F3D5-3AA7-4FC8-9386-CBEDD8AA4C9A} = {1F0AE1FB-443C-4D8B-861D-B35F642D0CC3}
	EndGlobalSection
EndGlobal
